dependencies:
  espressif/esp32_display_panel:
    component_hash: b936cdb7f35b489fda7455751dad5b3a213c5baaaab8f53df9561e67f9e5d4ee
    dependencies:
    - name: espressif/esp32_io_expander
      registry_url: https://components.espressif.com
      require: public
      version: ^0.1.0
    - name: idf
      require: private
      version: '>=5.1'
    source:
      registry_url: https://components.espressif.com/
      type: service
    version: 0.2.2
  espressif/esp32_io_expander:
    component_hash: c153d044e1b25bc5e4804b4d9516a623bca524188d13151cbf10e92e3a9cda02
    dependencies:
    - name: idf
      require: private
      version: '>=5.1'
    source:
      registry_url: https://components.espressif.com
      type: service
    version: 0.1.0
  idf:
    source:
      type: idf
    version: 5.4.0
direct_dependencies:
- espressif/esp32_display_panel
- idf
manifest_hash: 418ee72f7efaa7bef776cce5b981980f37b08c89e08ead395a0e1955a6003118
target: esp32s3
version: 2.0.0
